
Microsoft Visual Studio Solution File, Format Version 12.00
# Visual Studio Express 2013 for Windows Desktop
VisualStudioVersion = 12.0.30723.0
MinimumVisualStudioVersion = 10.0.40219.1
Project("{FAE04EC0-301F-11D3-BF4B-00C04F79EFBC}") = "WGeos2D", "WCAE\Geo\WGeos2D\WGeos2D.csproj", "{44ED3841-6297-4796-AA85-94659D352D8D}"
EndProject
Project("{FAE04EC0-301F-11D3-BF4B-00C04F79EFBC}") = "Triangle", "WCAE\Mesh\WTriangle\Triangle.csproj", "{F7907A0A-B75F-400B-9E78-BFAD00DB4D6B}"
EndProject
Project("{FAE04EC0-301F-11D3-BF4B-00C04F79EFBC}") = "WRenderer", "WCAE\Render\WRenderer\WRenderer.csproj", "{9C5040DA-C739-43A1-8540-E6BD3ED6DB55}"
EndProject
Project("{FAE04EC0-301F-11D3-BF4B-00C04F79EFBC}") = "WForm_Triangle", "WCAE\GUI\WForm_Triangle\WForm_Triangle.csproj", "{336AAF8A-5316-4303-9E73-5E38BD0B28AF}"
EndProject
Project("{FAE04EC0-301F-11D3-BF4B-00C04F79EFBC}") = "WForms", "WCAE\GUI\WForms\WForms.csproj", "{FCE24922-CF8B-4F0E-AF8B-F9F59C2FE834}"
EndProject
Project("{2150E333-8FDC-42A3-9474-1A3956D46DE8}") = "GUIs", "GUIs", "{8FA9E2D1-F4A1-4678-8B24-3C14B5A483B8}"
EndProject
Project("{2150E333-8FDC-42A3-9474-1A3956D46DE8}") = "Mesh", "Mesh", "{0610CDDE-566A-486B-AAB8-DE42D7726B51}"
EndProject
Project("{2150E333-8FDC-42A3-9474-1A3956D46DE8}") = "FEM", "FEM", "{870350CA-A015-4B05-B153-98758B45A6C1}"
EndProject
Project("{FAE04EC0-301F-11D3-BF4B-00C04F79EFBC}") = "WAbaqus", "WCAE\FEM\WAbaqus\WAbaqus.csproj", "{815E4386-DAEF-425B-894D-ADB88C9FC440}"
EndProject
Project("{FAE04EC0-301F-11D3-BF4B-00C04F79EFBC}") = "WMesh2D", "WCAE\Mesh\WMesh_Common\WMesh2D.csproj", "{6DA1A2B9-6F96-4984-9A41-D919954DD4D3}"
EndProject
Project("{2150E333-8FDC-42A3-9474-1A3956D46DE8}") = "Render", "Render", "{8F1AC138-2D88-4E6A-89B0-89F1E627CC82}"
EndProject
Project("{2150E333-8FDC-42A3-9474-1A3956D46DE8}") = "Geo", "Geo", "{406EE562-CC9E-4D41-8060-6D70E650C229}"
EndProject
Project("{FAE04EC0-301F-11D3-BF4B-00C04F79EFBC}") = "WFEM", "WCAE\FEM\WFEM\WFEM.csproj", "{E173FDB6-CAE4-4DEE-B30C-482CA1622CB3}"
EndProject
Project("{FAE04EC0-301F-11D3-BF4B-00C04F79EFBC}") = "WGUIs", "WCAE\GUI\WGUIs\WGUIs.csproj", "{3BA5F8CA-651A-4CBF-9AB3-1866321D51A1}"
EndProject
Project("{FAE04EC0-301F-11D3-BF4B-00C04F79EFBC}") = "WMesh_Entities", "WCAE\Mesh\WMesh_Entities\WMesh_Entities.csproj", "{8BEFC49E-3B40-4056-82FB-111E71BC87F0}"
EndProject
Project("{2150E333-8FDC-42A3-9474-1A3956D46DE8}") = "BackUps", "BackUps", "{4167D48F-9A7E-40FB-94FE-54CEEA72A9AA}"
EndProject
Project("{FAE04EC0-301F-11D3-BF4B-00C04F79EFBC}") = "BackUps", "WCAE\BackUps\BackUps\BackUps.csproj", "{796FD456-F33B-49BE-94B7-273D153D8FA7}"
EndProject
Global
	GlobalSection(SolutionConfigurationPlatforms) = preSolution
		Debug|Any CPU = Debug|Any CPU
		Debug|Mixed Platforms = Debug|Mixed Platforms
		Debug|x86 = Debug|x86
		Release|Any CPU = Release|Any CPU
		Release|Mixed Platforms = Release|Mixed Platforms
		Release|x86 = Release|x86
	EndGlobalSection
	GlobalSection(ProjectConfigurationPlatforms) = postSolution
		{44ED3841-6297-4796-AA85-94659D352D8D}.Debug|Any CPU.ActiveCfg = Debug|Any CPU
		{44ED3841-6297-4796-AA85-94659D352D8D}.Debug|Any CPU.Build.0 = Debug|Any CPU
		{44ED3841-6297-4796-AA85-94659D352D8D}.Debug|Mixed Platforms.ActiveCfg = Debug|Any CPU
		{44ED3841-6297-4796-AA85-94659D352D8D}.Debug|Mixed Platforms.Build.0 = Debug|Any CPU
		{44ED3841-6297-4796-AA85-94659D352D8D}.Debug|x86.ActiveCfg = Debug|Any CPU
		{44ED3841-6297-4796-AA85-94659D352D8D}.Release|Any CPU.ActiveCfg = Release|Any CPU
		{44ED3841-6297-4796-AA85-94659D352D8D}.Release|Any CPU.Build.0 = Release|Any CPU
		{44ED3841-6297-4796-AA85-94659D352D8D}.Release|Mixed Platforms.ActiveCfg = Release|Any CPU
		{44ED3841-6297-4796-AA85-94659D352D8D}.Release|Mixed Platforms.Build.0 = Release|Any CPU
		{44ED3841-6297-4796-AA85-94659D352D8D}.Release|x86.ActiveCfg = Release|Any CPU
		{F7907A0A-B75F-400B-9E78-BFAD00DB4D6B}.Debug|Any CPU.ActiveCfg = Debug|Any CPU
		{F7907A0A-B75F-400B-9E78-BFAD00DB4D6B}.Debug|Any CPU.Build.0 = Debug|Any CPU
		{F7907A0A-B75F-400B-9E78-BFAD00DB4D6B}.Debug|Mixed Platforms.ActiveCfg = Debug|Any CPU
		{F7907A0A-B75F-400B-9E78-BFAD00DB4D6B}.Debug|Mixed Platforms.Build.0 = Debug|Any CPU
		{F7907A0A-B75F-400B-9E78-BFAD00DB4D6B}.Debug|x86.ActiveCfg = Debug|Any CPU
		{F7907A0A-B75F-400B-9E78-BFAD00DB4D6B}.Release|Any CPU.ActiveCfg = Release|Any CPU
		{F7907A0A-B75F-400B-9E78-BFAD00DB4D6B}.Release|Any CPU.Build.0 = Release|Any CPU
		{F7907A0A-B75F-400B-9E78-BFAD00DB4D6B}.Release|Mixed Platforms.ActiveCfg = Release|Any CPU
		{F7907A0A-B75F-400B-9E78-BFAD00DB4D6B}.Release|Mixed Platforms.Build.0 = Release|Any CPU
		{F7907A0A-B75F-400B-9E78-BFAD00DB4D6B}.Release|x86.ActiveCfg = Release|Any CPU
		{9C5040DA-C739-43A1-8540-E6BD3ED6DB55}.Debug|Any CPU.ActiveCfg = Debug|Any CPU
		{9C5040DA-C739-43A1-8540-E6BD3ED6DB55}.Debug|Any CPU.Build.0 = Debug|Any CPU
		{9C5040DA-C739-43A1-8540-E6BD3ED6DB55}.Debug|Mixed Platforms.ActiveCfg = Debug|Any CPU
		{9C5040DA-C739-43A1-8540-E6BD3ED6DB55}.Debug|Mixed Platforms.Build.0 = Debug|Any CPU
		{9C5040DA-C739-43A1-8540-E6BD3ED6DB55}.Debug|x86.ActiveCfg = Debug|Any CPU
		{9C5040DA-C739-43A1-8540-E6BD3ED6DB55}.Release|Any CPU.ActiveCfg = Release|Any CPU
		{9C5040DA-C739-43A1-8540-E6BD3ED6DB55}.Release|Any CPU.Build.0 = Release|Any CPU
		{9C5040DA-C739-43A1-8540-E6BD3ED6DB55}.Release|Mixed Platforms.ActiveCfg = Release|Any CPU
		{9C5040DA-C739-43A1-8540-E6BD3ED6DB55}.Release|Mixed Platforms.Build.0 = Release|Any CPU
		{9C5040DA-C739-43A1-8540-E6BD3ED6DB55}.Release|x86.ActiveCfg = Release|Any CPU
		{336AAF8A-5316-4303-9E73-5E38BD0B28AF}.Debug|Any CPU.ActiveCfg = Debug|x86
		{336AAF8A-5316-4303-9E73-5E38BD0B28AF}.Debug|Mixed Platforms.ActiveCfg = Debug|x86
		{336AAF8A-5316-4303-9E73-5E38BD0B28AF}.Debug|Mixed Platforms.Build.0 = Debug|x86
		{336AAF8A-5316-4303-9E73-5E38BD0B28AF}.Debug|x86.ActiveCfg = Debug|x86
		{336AAF8A-5316-4303-9E73-5E38BD0B28AF}.Debug|x86.Build.0 = Debug|x86
		{336AAF8A-5316-4303-9E73-5E38BD0B28AF}.Release|Any CPU.ActiveCfg = Release|x86
		{336AAF8A-5316-4303-9E73-5E38BD0B28AF}.Release|Mixed Platforms.ActiveCfg = Release|x86
		{336AAF8A-5316-4303-9E73-5E38BD0B28AF}.Release|Mixed Platforms.Build.0 = Release|x86
		{336AAF8A-5316-4303-9E73-5E38BD0B28AF}.Release|x86.ActiveCfg = Release|x86
		{336AAF8A-5316-4303-9E73-5E38BD0B28AF}.Release|x86.Build.0 = Release|x86
		{FCE24922-CF8B-4F0E-AF8B-F9F59C2FE834}.Debug|Any CPU.ActiveCfg = Debug|Any CPU
		{FCE24922-CF8B-4F0E-AF8B-F9F59C2FE834}.Debug|Any CPU.Build.0 = Debug|Any CPU
		{FCE24922-CF8B-4F0E-AF8B-F9F59C2FE834}.Debug|Mixed Platforms.ActiveCfg = Debug|Any CPU
		{FCE24922-CF8B-4F0E-AF8B-F9F59C2FE834}.Debug|Mixed Platforms.Build.0 = Debug|Any CPU
		{FCE24922-CF8B-4F0E-AF8B-F9F59C2FE834}.Debug|x86.ActiveCfg = Debug|Any CPU
		{FCE24922-CF8B-4F0E-AF8B-F9F59C2FE834}.Release|Any CPU.ActiveCfg = Release|Any CPU
		{FCE24922-CF8B-4F0E-AF8B-F9F59C2FE834}.Release|Any CPU.Build.0 = Release|Any CPU
		{FCE24922-CF8B-4F0E-AF8B-F9F59C2FE834}.Release|Mixed Platforms.ActiveCfg = Release|Any CPU
		{FCE24922-CF8B-4F0E-AF8B-F9F59C2FE834}.Release|Mixed Platforms.Build.0 = Release|Any CPU
		{FCE24922-CF8B-4F0E-AF8B-F9F59C2FE834}.Release|x86.ActiveCfg = Release|Any CPU
		{815E4386-DAEF-425B-894D-ADB88C9FC440}.Debug|Any CPU.ActiveCfg = Debug|Any CPU
		{815E4386-DAEF-425B-894D-ADB88C9FC440}.Debug|Any CPU.Build.0 = Debug|Any CPU
		{815E4386-DAEF-425B-894D-ADB88C9FC440}.Debug|Mixed Platforms.ActiveCfg = Debug|Any CPU
		{815E4386-DAEF-425B-894D-ADB88C9FC440}.Debug|Mixed Platforms.Build.0 = Debug|Any CPU
		{815E4386-DAEF-425B-894D-ADB88C9FC440}.Debug|x86.ActiveCfg = Debug|Any CPU
		{815E4386-DAEF-425B-894D-ADB88C9FC440}.Release|Any CPU.ActiveCfg = Release|Any CPU
		{815E4386-DAEF-425B-894D-ADB88C9FC440}.Release|Any CPU.Build.0 = Release|Any CPU
		{815E4386-DAEF-425B-894D-ADB88C9FC440}.Release|Mixed Platforms.ActiveCfg = Release|Any CPU
		{815E4386-DAEF-425B-894D-ADB88C9FC440}.Release|Mixed Platforms.Build.0 = Release|Any CPU
		{815E4386-DAEF-425B-894D-ADB88C9FC440}.Release|x86.ActiveCfg = Release|Any CPU
		{6DA1A2B9-6F96-4984-9A41-D919954DD4D3}.Debug|Any CPU.ActiveCfg = Debug|Any CPU
		{6DA1A2B9-6F96-4984-9A41-D919954DD4D3}.Debug|Any CPU.Build.0 = Debug|Any CPU
		{6DA1A2B9-6F96-4984-9A41-D919954DD4D3}.Debug|Mixed Platforms.ActiveCfg = Debug|Any CPU
		{6DA1A2B9-6F96-4984-9A41-D919954DD4D3}.Debug|Mixed Platforms.Build.0 = Debug|Any CPU
		{6DA1A2B9-6F96-4984-9A41-D919954DD4D3}.Debug|x86.ActiveCfg = Debug|Any CPU
		{6DA1A2B9-6F96-4984-9A41-D919954DD4D3}.Release|Any CPU.ActiveCfg = Release|Any CPU
		{6DA1A2B9-6F96-4984-9A41-D919954DD4D3}.Release|Any CPU.Build.0 = Release|Any CPU
		{6DA1A2B9-6F96-4984-9A41-D919954DD4D3}.Release|Mixed Platforms.ActiveCfg = Release|Any CPU
		{6DA1A2B9-6F96-4984-9A41-D919954DD4D3}.Release|Mixed Platforms.Build.0 = Release|Any CPU
		{6DA1A2B9-6F96-4984-9A41-D919954DD4D3}.Release|x86.ActiveCfg = Release|Any CPU
		{E173FDB6-CAE4-4DEE-B30C-482CA1622CB3}.Debug|Any CPU.ActiveCfg = Debug|Any CPU
		{E173FDB6-CAE4-4DEE-B30C-482CA1622CB3}.Debug|Any CPU.Build.0 = Debug|Any CPU
		{E173FDB6-CAE4-4DEE-B30C-482CA1622CB3}.Debug|Mixed Platforms.ActiveCfg = Debug|Any CPU
		{E173FDB6-CAE4-4DEE-B30C-482CA1622CB3}.Debug|Mixed Platforms.Build.0 = Debug|Any CPU
		{E173FDB6-CAE4-4DEE-B30C-482CA1622CB3}.Debug|x86.ActiveCfg = Debug|Any CPU
		{E173FDB6-CAE4-4DEE-B30C-482CA1622CB3}.Release|Any CPU.ActiveCfg = Release|Any CPU
		{E173FDB6-CAE4-4DEE-B30C-482CA1622CB3}.Release|Any CPU.Build.0 = Release|Any CPU
		{E173FDB6-CAE4-4DEE-B30C-482CA1622CB3}.Release|Mixed Platforms.ActiveCfg = Release|Any CPU
		{E173FDB6-CAE4-4DEE-B30C-482CA1622CB3}.Release|Mixed Platforms.Build.0 = Release|Any CPU
		{E173FDB6-CAE4-4DEE-B30C-482CA1622CB3}.Release|x86.ActiveCfg = Release|Any CPU
		{3BA5F8CA-651A-4CBF-9AB3-1866321D51A1}.Debug|Any CPU.ActiveCfg = Debug|Any CPU
		{3BA5F8CA-651A-4CBF-9AB3-1866321D51A1}.Debug|Any CPU.Build.0 = Debug|Any CPU
		{3BA5F8CA-651A-4CBF-9AB3-1866321D51A1}.Debug|Mixed Platforms.ActiveCfg = Debug|Any CPU
		{3BA5F8CA-651A-4CBF-9AB3-1866321D51A1}.Debug|Mixed Platforms.Build.0 = Debug|Any CPU
		{3BA5F8CA-651A-4CBF-9AB3-1866321D51A1}.Debug|x86.ActiveCfg = Debug|Any CPU
		{3BA5F8CA-651A-4CBF-9AB3-1866321D51A1}.Release|Any CPU.ActiveCfg = Release|Any CPU
		{3BA5F8CA-651A-4CBF-9AB3-1866321D51A1}.Release|Any CPU.Build.0 = Release|Any CPU
		{3BA5F8CA-651A-4CBF-9AB3-1866321D51A1}.Release|Mixed Platforms.ActiveCfg = Release|Any CPU
		{3BA5F8CA-651A-4CBF-9AB3-1866321D51A1}.Release|Mixed Platforms.Build.0 = Release|Any CPU
		{3BA5F8CA-651A-4CBF-9AB3-1866321D51A1}.Release|x86.ActiveCfg = Release|Any CPU
		{8BEFC49E-3B40-4056-82FB-111E71BC87F0}.Debug|Any CPU.ActiveCfg = Debug|Any CPU
		{8BEFC49E-3B40-4056-82FB-111E71BC87F0}.Debug|Any CPU.Build.0 = Debug|Any CPU
		{8BEFC49E-3B40-4056-82FB-111E71BC87F0}.Debug|Mixed Platforms.ActiveCfg = Debug|Any CPU
		{8BEFC49E-3B40-4056-82FB-111E71BC87F0}.Debug|Mixed Platforms.Build.0 = Debug|Any CPU
		{8BEFC49E-3B40-4056-82FB-111E71BC87F0}.Debug|x86.ActiveCfg = Debug|Any CPU
		{8BEFC49E-3B40-4056-82FB-111E71BC87F0}.Release|Any CPU.ActiveCfg = Release|Any CPU
		{8BEFC49E-3B40-4056-82FB-111E71BC87F0}.Release|Any CPU.Build.0 = Release|Any CPU
		{8BEFC49E-3B40-4056-82FB-111E71BC87F0}.Release|Mixed Platforms.ActiveCfg = Release|Any CPU
		{8BEFC49E-3B40-4056-82FB-111E71BC87F0}.Release|Mixed Platforms.Build.0 = Release|Any CPU
		{8BEFC49E-3B40-4056-82FB-111E71BC87F0}.Release|x86.ActiveCfg = Release|Any CPU
		{796FD456-F33B-49BE-94B7-273D153D8FA7}.Debug|Any CPU.ActiveCfg = Debug|Any CPU
		{796FD456-F33B-49BE-94B7-273D153D8FA7}.Debug|Any CPU.Build.0 = Debug|Any CPU
		{796FD456-F33B-49BE-94B7-273D153D8FA7}.Debug|Mixed Platforms.ActiveCfg = Debug|Any CPU
		{796FD456-F33B-49BE-94B7-273D153D8FA7}.Debug|Mixed Platforms.Build.0 = Debug|Any CPU
		{796FD456-F33B-49BE-94B7-273D153D8FA7}.Debug|x86.ActiveCfg = Debug|Any CPU
		{796FD456-F33B-49BE-94B7-273D153D8FA7}.Release|Any CPU.ActiveCfg = Release|Any CPU
		{796FD456-F33B-49BE-94B7-273D153D8FA7}.Release|Any CPU.Build.0 = Release|Any CPU
		{796FD456-F33B-49BE-94B7-273D153D8FA7}.Release|Mixed Platforms.ActiveCfg = Release|Any CPU
		{796FD456-F33B-49BE-94B7-273D153D8FA7}.Release|Mixed Platforms.Build.0 = Release|Any CPU
		{796FD456-F33B-49BE-94B7-273D153D8FA7}.Release|x86.ActiveCfg = Release|Any CPU
	EndGlobalSection
	GlobalSection(SolutionProperties) = preSolution
		HideSolutionNode = FALSE
	EndGlobalSection
	GlobalSection(NestedProjects) = preSolution
		{44ED3841-6297-4796-AA85-94659D352D8D} = {406EE562-CC9E-4D41-8060-6D70E650C229}
		{F7907A0A-B75F-400B-9E78-BFAD00DB4D6B} = {0610CDDE-566A-486B-AAB8-DE42D7726B51}
		{9C5040DA-C739-43A1-8540-E6BD3ED6DB55} = {8F1AC138-2D88-4E6A-89B0-89F1E627CC82}
		{336AAF8A-5316-4303-9E73-5E38BD0B28AF} = {8FA9E2D1-F4A1-4678-8B24-3C14B5A483B8}
		{FCE24922-CF8B-4F0E-AF8B-F9F59C2FE834} = {8FA9E2D1-F4A1-4678-8B24-3C14B5A483B8}
		{815E4386-DAEF-425B-894D-ADB88C9FC440} = {870350CA-A015-4B05-B153-98758B45A6C1}
		{6DA1A2B9-6F96-4984-9A41-D919954DD4D3} = {0610CDDE-566A-486B-AAB8-DE42D7726B51}
		{E173FDB6-CAE4-4DEE-B30C-482CA1622CB3} = {870350CA-A015-4B05-B153-98758B45A6C1}
		{3BA5F8CA-651A-4CBF-9AB3-1866321D51A1} = {8FA9E2D1-F4A1-4678-8B24-3C14B5A483B8}
		{8BEFC49E-3B40-4056-82FB-111E71BC87F0} = {0610CDDE-566A-486B-AAB8-DE42D7726B51}
		{796FD456-F33B-49BE-94B7-273D153D8FA7} = {4167D48F-9A7E-40FB-94FE-54CEEA72A9AA}
	EndGlobalSection
EndGlobal
